
Microsoft Visual Studio Solution File, Format Version 12.00
# Visual Studio Version 16
VisualStudioVersion = 16.0.30011.22
MinimumVisualStudioVersion = 10.0.40219.1
Project("{FAE04EC0-301F-11D3-BF4B-00C04F79EFBC}") = "SshCracker", "SshCracker\SshCracker.csproj", "{DFE03A6C-7146-46C4-87D8-3B53AF11EE3D}"
EndProject
Global
	GlobalSection(SolutionConfigurationPlatforms) = preSolution
		Debug|Any CPU = Debug|Any CPU
		Release|Any CPU = Release|Any CPU
	EndGlobalSection
	GlobalSection(ProjectConfigurationPlatforms) = postSolution
		{DFE03A6C-7146-46C4-87D8-3B53AF11EE3D}.Debug|Any CPU.ActiveCfg = Debug|Any CPU
		{DFE03A6C-7146-46C4-87D8-3B53AF11EE3D}.Debug|Any CPU.Build.0 = Debug|Any CPU
		{DFE03A6C-7146-46C4-87D8-3B53AF11EE3D}.Release|Any CPU.ActiveCfg = Release|Any CPU
		{DFE03A6C-7146-46C4-87D8-3B53AF11EE3D}.Release|Any CPU.Build.0 = Release|Any CPU
	EndGlobalSection
	GlobalSection(SolutionProperties) = preSolution
		HideSolutionNode = FALSE
	EndGlobalSection
	GlobalSection(ExtensibilityGlobals) = postSolution
		SolutionGuid = {7ACCF2A5-F68B-400E-9685-42FB3642D01D}
	EndGlobalSection
EndGlobal
